{
  "requires": true,
  "lockfileVersion": 1,
  "dependencies": {
    "@types/bootstrap": {
      "version": "3.3.36",
      "resolved": "https://registry.npmjs.org/@types/bootstrap/-/bootstrap-3.3.36.tgz",
      "integrity": "sha512-Ox4QismJMkIIEx800Potvor1PCFg/VldUkmWBARw33mcJejLfXsRjQowdwr20tOzq73+YxrD40kcHbjWDgOwMA==",
      "dev": true,
      "requires": {
        "@types/jquery": "3.2.12"
      }
    },
    "@types/es6-shim": {
      "version": "0.31.35",
      "resolved": "https://registry.npmjs.org/@types/es6-shim/-/es6-shim-0.31.35.tgz",
      "integrity": "sha512-jecKfIChNeUKKaQ5tWSzK69FDhW/hegDdJIkLXHJfLVDNjoJOdDtNbCnmK8V2IPTgVVEOi+FLhljbvDix8EDtA==",
      "dev": true
    },
    "@types/jquery": {
      "version": "3.2.12",
      "resolved": "https://registry.npmjs.org/@types/jquery/-/jquery-3.2.12.tgz",
      "integrity": "sha512-xZzTbUju6AYFE/088UcH2+dB7yTLHlujDju9pfncD1WLl2LWa6Mn+WzKjFfhn8YA+he53j5K0Rfdw89BN0kDug==",
      "dev": true
    },
    "@types/requirejs": {
      "version": "2.1.31",
      "resolved": "https://registry.npmjs.org/@types/requirejs/-/requirejs-2.1.31.tgz",
      "integrity": "sha512-b2soeyuU76rMbcRJ4e0hEl0tbMhFwZeTC0VZnfuWlfGlk6BwWNsev6kFu/twKABPX29wkX84wU2o+cEJoXsiTw==",
      "dev": true
    }
  }
}
